// !$*UTF8*$!
{
	archiveVersion = 1;
	classes = {
	};
	objectVersion = 55;
	objects = {

/* Begin PBXBuildFile section */
		390C734F282FD6C0009A7554 /* AddDataView.swift in Sources */ = {isa = PBXBuildFile; fileRef = 390C734E282FD6C0009A7554 /* AddDataView.swift */; };
		39FE6E8C282BD44F0085E409 /* firebase_exampleApp.swift in Sources */ = {isa = PBXBuildFile; fileRef = 39FE6E8B282BD44F0085E409 /* firebase_exampleApp.swift */; };
		39FE6E8E282BD44F0085E409 /* ContentView.swift in Sources */ = {isa = PBXBuildFile; fileRef = 39FE6E8D282BD44F0085E409 /* ContentView.swift */; };
		39FE6E90282BD4500085E409 /* Assets.xcassets in Resources */ = {isa = PBXBuildFile; fileRef = 39FE6E8F282BD4500085E409 /* Assets.xcassets */; };
		39FE6E93282BD4500085E409 /* Preview Assets.xcassets in Resources */ = {isa = PBXBuildFile; fileRef = 39FE6E92282BD4500085E409 /* Preview Assets.xcassets */; };
		39FE6E9A282BD4F00085E409 /* GoogleService-Info.plist in Resources */ = {isa = PBXBuildFile; fileRef = 39FE6E99282BD4F00085E409 /* GoogleService-Info.plist */; };
		39FE6E9D282BD8F30085E409 /* FirebaseFirestore in Frameworks */ = {isa = PBXBuildFile; productRef = 39FE6E9C282BD8F30085E409 /* FirebaseFirestore */; };
		39FE6E9F282BD8F30085E409 /* FirebaseFirestoreCombine-Community in Frameworks */ = {isa = PBXBuildFile; productRef = 39FE6E9E282BD8F30085E409 /* FirebaseFirestoreCombine-Community */; };
		39FE6EA1282BD8F30085E409 /* FirebaseFirestoreSwift in Frameworks */ = {isa = PBXBuildFile; productRef = 39FE6EA0282BD8F30085E409 /* FirebaseFirestoreSwift */; };
		39FE6EA3282BDAF30085E409 /* FirebaseManager.swift in Sources */ = {isa = PBXBuildFile; fileRef = 39FE6EA2282BDAF30085E409 /* FirebaseManager.swift */; };
/* End PBXBuildFile section */

/* Begin PBXFileReference section */
		390C734E282FD6C0009A7554 /* AddDataView.swift */ = {isa = PBXFileReference; lastKnownFileType = sourcecode.swift; path = AddDataView.swift; sourceTree = "<group>"; };
		39FE6E88282BD44F0085E409 /* firebase_example.app */ = {isa = PBXFileReference; explicitFileType = wrapper.application; includeInIndex = 0; path = firebase_example.app; sourceTree = BUILT_PRODUCTS_DIR; };
		39FE6E8B282BD44F0085E409 /* firebase_exampleApp.swift */ = {isa = PBXFileReference; lastKnownFileType = sourcecode.swift; path = firebase_exampleApp.swift; sourceTree = "<group>"; };
		39FE6E8D282BD44F0085E409 /* ContentView.swift */ = {isa = PBXFileReference; lastKnownFileType = sourcecode.swift; path = ContentView.swift; sourceTree = "<group>"; };
		39FE6E8F282BD4500085E409 /* Assets.xcassets */ = {isa = PBXFileReference; lastKnownFileType = folder.assetcatalog; path = Assets.xcassets; sourceTree = "<group>"; };
		39FE6E92282BD4500085E409 /* Preview Assets.xcassets */ = {isa = PBXFileReference; lastKnownFileType = folder.assetcatalog; path = "Preview Assets.xcassets"; sourceTree = "<group>"; };
		39FE6E99282BD4F00085E409 /* GoogleService-Info.plist */ = {isa = PBXFileReference; fileEncoding = 4; lastKnownFileType = text.plist.xml; path = "GoogleService-Info.plist"; sourceTree = "<group>"; };
		39FE6EA2282BDAF30085E409 /* FirebaseManager.swift */ = {isa = PBXFileReference; lastKnownFileType = sourcecode.swift; path = FirebaseManager.swift; sourceTree = "<group>"; };
/* End PBXFileReference section */

/* Begin PBXFrameworksBuildPhase section */
		39FE6E85282BD44F0085E409 /* Frameworks */ = {
			isa = PBXFrameworksBuildPhase;
			buildActionMask = 2147483647;
			files = (
				39FE6E9D282BD8F30085E409 /* FirebaseFirestore in Frameworks */,
				39FE6E9F282BD8F30085E409 /* FirebaseFirestoreCombine-Community in Frameworks */,
				39FE6EA1282BD8F30085E409 /* FirebaseFirestoreSwift in Frameworks */,
			);
			runOnlyForDeploymentPostprocessing = 0;
		};
/* End PBXFrameworksBuildPhase section */

/* Begin PBXGroup section */
		390C734D282FD6AD009A7554 /* Views */ = {
			isa = PBXGroup;
			children = (
				390C734E282FD6C0009A7554 /* AddDataView.swift */,
			);
			path = Views;
			sourceTree = "<group>";
		};
		39FE6E7F282BD44F0085E409 = {
			isa = PBXGroup;
			children = (
				39FE6E99282BD4F00085E409 /* GoogleService-Info.plist */,
				39FE6E8A282BD44F0085E409 /* firebase_example */,
				39FE6E89282BD44F0085E409 /* Products */,
			);
			sourceTree = "<group>";
		};
		39FE6E89282BD44F0085E409 /* Products */ = {
			isa = PBXGroup;
			children = (
				39FE6E88282BD44F0085E409 /* firebase_example.app */,
			);
			name = Products;
			sourceTree = "<group>";
		};
		39FE6E8A282BD44F0085E409 /* firebase_example */ = {
			isa = PBXGroup;
			children = (
				390C734D282FD6AD009A7554 /* Views */,
				39FE6E8B282BD44F0085E409 /* firebase_exampleApp.swift */,
				39FE6E8D282BD44F0085E409 /* ContentView.swift */,
				39FE6EA2282BDAF30085E409 /* FirebaseManager.swift */,
				39FE6E8F282BD4500085E409 /* Assets.xcassets */,
				39FE6E91282BD4500085E409 /* Preview Content */,
			);
			path = firebase_example;
			sourceTree = "<group>";
		};
		39FE6E91282BD4500085E409 /* Preview Content */ = {
			isa = PBXGroup;
			children = (
				39FE6E92282BD4500085E409 /* Preview Assets.xcassets */,
			);
			path = "Preview Content";
			sourceTree = "<group>";
		};
/* End PBXGroup section */

/* Begin PBXNativeTarget section */
		39FE6E87282BD44F0085E409 /* firebase_example */ = {
			isa = PBXNativeTarget;
			buildConfigurationList = 39FE6E96282BD4500085E409 /* Build configuration list for PBXNativeTarget "firebase_example" */;
			buildPhases = (
				39FE6E84282BD44F0085E409 /* Sources */,
				39FE6E85282BD44F0085E409 /* Frameworks */,
				39FE6E86282BD44F0085E409 /* Resources */,
			);
			buildRules = (
			);
			dependencies = (
			);
			name = firebase_example;
			packageProductDependencies = (
				39FE6E9C282BD8F30085E409 /* FirebaseFirestore */,
				39FE6E9E282BD8F30085E409 /* FirebaseFirestoreCombine-Community */,
				39FE6EA0282BD8F30085E409 /* FirebaseFirestoreSwift */,
			);
			productName = firebase_example;
			productReference = 39FE6E88282BD44F0085E409 /* firebase_example.app */;
			productType = "com.apple.product-type.application";
		};
/* End PBXNativeTarget section */

/* Begin PBXProject section */
		39FE6E80282BD44F0085E409 /* Project object */ = {
			isa = PBXProject;
			attributes = {
				BuildIndependentTargetsInParallel = 1;
				LastSwiftUpdateCheck = 1330;
				LastUpgradeCheck = 1330;
				TargetAttributes = {
					39FE6E87282BD44F0085E409 = {
						CreatedOnToolsVersion = 13.3;
					};
				};
			};
			buildConfigurationList = 39FE6E83282BD44F0085E409 /* Build configuration list for PBXProject "firebase_example" */;
			compatibilityVersion = "Xcode 13.0";
			developmentRegion = en;
			hasScannedForEncodings = 0;
			knownRegions = (
				en,
				Base,
			);
			mainGroup = 39FE6E7F282BD44F0085E409;
			packageReferences = (
				39FE6E9B282BD8F30085E409 /* XCRemoteSwiftPackageReference "firebase-ios-sdk" */,
			);
			productRefGroup = 39FE6E89282BD44F0085E409 /* Products */;
			projectDirPath = "";
			projectRoot = "";
			targets = (
				39FE6E87282BD44F0085E409 /* firebase_example */,
			);
		};
/* End PBXProject section */

/* Begin PBXResourcesBuildPhase section */
		39FE6E86282BD44F0085E409 /* Resources */ = {
			isa = PBXResourcesBuildPhase;
			buildActionMask = 2147483647;
			files = (
				39FE6E93282BD4500085E409 /* Preview Assets.xcassets in Resources */,
				39FE6E90282BD4500085E409 /* Assets.xcassets in Resources */,
				39FE6E9A282BD4F00085E409 /* GoogleService-Info.plist in Resources */,
			);
			runOnlyForDeploymentPostprocessing = 0;
		};
/* End PBXResourcesBuildPhase section */

/* Begin PBXSourcesBuildPhase section */
		39FE6E84282BD44F0085E409 /* Sources */ = {
			isa = PBXSourcesBuildPhase;
			buildActionMask = 2147483647;
			files = (
				39FE6E8E282BD44F0085E409 /* ContentView.swift in Sources */,
				39FE6EA3282BDAF30085E409 /* FirebaseManager.swift in Sources */,
				390C734F282FD6C0009A7554 /* AddDataView.swift in Sources */,
				39FE6E8C282BD44F0085E409 /* firebase_exampleApp.swift in Sources */,
			);
			runOnlyForDeploymentPostprocessing = 0;
		};
/* End PBXSourcesBuildPhase section */

/* Begin XCBuildConfiguration section */
		39FE6E94282BD4500085E409 /* Debug */ = {
			isa = XCBuildConfiguration;
			buildSettings = {
				ALWAYS_SEARCH_USER_PATHS = NO;
				CLANG_ANALYZER_NONNULL = YES;
				CLANG_ANALYZER_NUMBER_OBJECT_CONVERSION = YES_AGGRESSIVE;
				CLANG_CXX_LANGUAGE_STANDARD = "gnu++17";
				CLANG_ENABLE_MODULES = YES;
				CLANG_ENABLE_OBJC_ARC = YES;
				CLANG_ENABLE_OBJC_WEAK = YES;
				CLANG_WARN_BLOCK_CAPTURE_AUTORELEASING = YES;
				CLANG_WARN_BOOL_CONVERSION = YES;
				CLANG_WARN_COMMA = YES;
				CLANG_WARN_CONSTANT_CONVERSION = YES;
				CLANG_WARN_DEPRECATED_OBJC_IMPLEMENTATIONS = YES;
				CLANG_WARN_DIRECT_OBJC_ISA_USAGE = YES_ERROR;
				CLANG_WARN_DOCUMENTATION_COMMENTS = YES;
				CLANG_WARN_EMPTY_BODY = YES;
				CLANG_WARN_ENUM_CONVERSION = YES;
				CLANG_WARN_INFINITE_RECURSION = YES;
				CLANG_WARN_INT_CONVERSION = YES;
				CLANG_WARN_NON_LITERAL_NULL_CONVERSION = YES;
				CLANG_WARN_OBJC_IMPLICIT_RETAIN_SELF = YES;
				CLANG_WARN_OBJC_LITERAL_CONVERSION = YES;
				CLANG_WARN_OBJC_ROOT_CLASS = YES_ERROR;
				CLANG_WARN_QUOTED_INCLUDE_IN_FRAMEWORK_HEADER = YES;
				CLANG_WARN_RANGE_LOOP_ANALYSIS = YES;
				CLANG_WARN_STRICT_PROTOTYPES = YES;
				CLANG_WARN_SUSPICIOUS_MOVE = YES;
				CLANG_WARN_UNGUARDED_AVAILABILITY = YES_AGGRESSIVE;
				CLANG_WARN_UNREACHABLE_CODE = YES;
				CLANG_WARN__DUPLICATE_METHOD_MATCH = YES;
				COPY_PHASE_STRIP = NO;
				DEBUG_INFORMATION_FORMAT = dwarf;
				ENABLE_STRICT_OBJC_MSGSEND = YES;
				ENABLE_TESTABILITY = YES;
				GCC_C_LANGUAGE_STANDARD = gnu11;
				GCC_DYNAMIC_NO_PIC = NO;
				GCC_NO_COMMON_BLOCKS = YES;
				GCC_OPTIMIZATION_LEVEL = 0;
				GCC_PREPROCESSOR_DEFINITIONS = (
					"DEBUG=1",
					"$(inherited)",
				);
				GCC_WARN_64_TO_32_BIT_CONVERSION = YES;
				GCC_WARN_ABOUT_RETURN_TYPE = YES_ERROR;
				GCC_WARN_UNDECLARED_SELECTOR = YES;
				GCC_WARN_UNINITIALIZED_AUTOS = YES_AGGRESSIVE;
				GCC_WARN_UNUSED_FUNCTION = YES;
				GCC_WARN_UNUSED_VARIABLE = YES;
				IPHONEOS_DEPLOYMENT_TARGET = 15.4;
				MTL_ENABLE_DEBUG_INFO = INCLUDE_SOURCE;
				MTL_FAST_MATH = YES;
				ONLY_ACTIVE_ARCH = YES;
				SDKROOT = iphoneos;
				SWIFT_ACTIVE_COMPILATION_CONDITIONS = DEBUG;
				SWIFT_OPTIMIZATION_LEVEL = "-Onone";
			};
			name = Debug;
		};
		39FE6E95282BD4500085E409 /* Release */ = {
			isa = XCBuildConfiguration;
			buildSettings = {
				ALWAYS_SEARCH_USER_PATHS = NO;
				CLANG_ANALYZER_NONNULL = YES;
				CLANG_ANALYZER_NUMBER_OBJECT_CONVERSION = YES_AGGRESSIVE;
				CLANG_CXX_LANGUAGE_STANDARD = "gnu++17";
				CLANG_ENABLE_MODULES = YES;
				CLANG_ENABLE_OBJC_ARC = YES;
				CLANG_ENABLE_OBJC_WEAK = YES;
				CLANG_WARN_BLOCK_CAPTURE_AUTORELEASING = YES;
				CLANG_WARN_BOOL_CONVERSION = YES;
				CLANG_WARN_COMMA = YES;
				CLANG_WARN_CONSTANT_CONVERSION = YES;
				CLANG_WARN_DEPRECATED_OBJC_IMPLEMENTATIONS = YES;
				CLANG_WARN_DIRECT_OBJC_ISA_USAGE = YES_ERROR;
				CLANG_WARN_DOCUMENTATION_COMMENTS = YES;
				CLANG_WARN_EMPTY_BODY = YES;
				CLANG_WARN_ENUM_CONVERSION = YES;
				CLANG_WARN_INFINITE_RECURSION = YES;
				CLANG_WARN_INT_CONVERSION = YES;
				CLANG_WARN_NON_LITERAL_NULL_CONVERSION = YES;
				CLANG_WARN_OBJC_IMPLICIT_RETAIN_SELF = YES;
				CLANG_WARN_OBJC_LITERAL_CONVERSION = YES;
				CLANG_WARN_OBJC_ROOT_CLASS = YES_ERROR;
				CLANG_WARN_QUOTED_INCLUDE_IN_FRAMEWORK_HEADER = YES;
				CLANG_WARN_RANGE_LOOP_ANALYSIS = YES;
				CLANG_WARN_STRICT_PROTOTYPES = YES;
				CLANG_WARN_SUSPICIOUS_MOVE = YES;
				CLANG_WARN_UNGUARDED_AVAILABILITY = YES_AGGRESSIVE;
				CLANG_WARN_UNREACHABLE_CODE = YES;
				CLANG_WARN__DUPLICATE_METHOD_MATCH = YES;
				COPY_PHASE_STRIP = NO;
				DEBUG_INFORMATION_FORMAT = "dwarf-with-dsym";
				ENABLE_NS_ASSERTIONS = NO;
				ENABLE_STRICT_OBJC_MSGSEND = YES;
				GCC_C_LANGUAGE_STANDARD = gnu11;
				GCC_NO_COMMON_BLOCKS = YES;
				GCC_WARN_64_TO_32_BIT_CONVERSION = YES;
				GCC_WARN_ABOUT_RETURN_TYPE = YES_ERROR;
				GCC_WARN_UNDECLARED_SELECTOR = YES;
				GCC_WARN_UNINITIALIZED_AUTOS = YES_AGGRESSIVE;
				GCC_WARN_UNUSED_FUNCTION = YES;
				GCC_WARN_UNUSED_VARIABLE = YES;
				IPHONEOS_DEPLOYMENT_TARGET = 15.4;
				MTL_ENABLE_DEBUG_INFO = NO;
				MTL_FAST_MATH = YES;
				SDKROOT = iphoneos;
				SWIFT_COMPILATION_MODE = wholemodule;
				SWIFT_OPTIMIZATION_LEVEL = "-O";
				VALIDATE_PRODUCT = YES;
			};
			name = Release;
		};
		39FE6E97282BD4500085E409 /* Debug */ = {
			isa = XCBuildConfiguration;
			buildSettings = {
				ASSETCATALOG_COMPILER_APPICON_NAME = AppIcon;
				ASSETCATALOG_COMPILER_GLOBAL_ACCENT_COLOR_NAME = AccentColor;
				CODE_SIGN_STYLE = Automatic;
				CURRENT_PROJECT_VERSION = 1;
				DEVELOPMENT_ASSET_PATHS = "\"firebase_example/Preview Content\"";
				DEVELOPMENT_TEAM = HF8GHZB58X;
				ENABLE_PREVIEWS = YES;
				GENERATE_INFOPLIST_FILE = YES;
				INFOPLIST_KEY_UIApplicationSceneManifest_Generation = YES;
				INFOPLIST_KEY_UIApplicationSupportsIndirectInputEvents = YES;
				INFOPLIST_KEY_UILaunchScreen_Generation = YES;
				INFOPLIST_KEY_UISupportedInterfaceOrientations_iPad = "UIInterfaceOrientationPortrait UIInterfaceOrientationPortraitUpsideDown UIInterfaceOrientationLandscapeLeft UIInterfaceOrientationLandscapeRight";
				INFOPLIST_KEY_UISupportedInterfaceOrientations_iPhone = "UIInterfaceOrientationPortrait UIInterfaceOrientationLandscapeLeft UIInterfaceOrientationLandscapeRight";
				LD_RUNPATH_SEARCH_PATHS = (
					"$(inherited)",
					"@executable_path/Frameworks",
				);
				MARKETING_VERSION = 1.0;
				PRODUCT_BUNDLE_IDENTIFIER = "mingwan.firebase-example";
				PRODUCT_NAME = "$(TARGET_NAME)";
				SWIFT_EMIT_LOC_STRINGS = YES;
				SWIFT_VERSION = 5.0;
				TARGETED_DEVICE_FAMILY = "1,2";
			};
			name = Debug;
		};
		39FE6E98282BD4500085E409 /* Release */ = {
			isa = XCBuildConfiguration;
			buildSettings = {
				ASSETCATALOG_COMPILER_APPICON_NAME = AppIcon;
				ASSETCATALOG_COMPILER_GLOBAL_ACCENT_COLOR_NAME = AccentColor;
				CODE_SIGN_STYLE = Automatic;
				CURRENT_PROJECT_VERSION = 1;
				DEVELOPMENT_ASSET_PATHS = "\"firebase_example/Preview Content\"";
				DEVELOPMENT_TEAM = HF8GHZB58X;
				ENABLE_PREVIEWS = YES;
				GENERATE_INFOPLIST_FILE = YES;
				INFOPLIST_KEY_UIApplicationSceneManifest_Generation = YES;
				INFOPLIST_KEY_UIApplicationSupportsIndirectInputEvents = YES;
				INFOPLIST_KEY_UILaunchScreen_Generation = YES;
				INFOPLIST_KEY_UISupportedInterfaceOrientations_iPad = "UIInterfaceOrientationPortrait UIInterfaceOrientationPortraitUpsideDown UIInterfaceOrientationLandscapeLeft UIInterfaceOrientationLandscapeRight";
				INFOPLIST_KEY_UISupportedInterfaceOrientations_iPhone = "UIInterfaceOrientationPortrait UIInterfaceOrientationLandscapeLeft UIInterfaceOrientationLandscapeRight";
				LD_RUNPATH_SEARCH_PATHS = (
					"$(inherited)",
					"@executable_path/Frameworks",
				);
				MARKETING_VERSION = 1.0;
				PRODUCT_BUNDLE_IDENTIFIER = "mingwan.firebase-example";
				PRODUCT_NAME = "$(TARGET_NAME)";
				SWIFT_EMIT_LOC_STRINGS = YES;
				SWIFT_VERSION = 5.0;
				TARGETED_DEVICE_FAMILY = "1,2";
			};
			name = Release;
		};
/* End XCBuildConfiguration section */

/* Begin XCConfigurationList section */
		39FE6E83282BD44F0085E409 /* Build configuration list for PBXProject "firebase_example" */ = {
			isa = XCConfigurationList;
			buildConfigurations = (
				39FE6E94282BD4500085E409 /* Debug */,
				39FE6E95282BD4500085E409 /* Release */,
			);
			defaultConfigurationIsVisible = 0;
			defaultConfigurationName = Release;
		};
		39FE6E96282BD4500085E409 /* Build configuration list for PBXNativeTarget "firebase_example" */ = {
			isa = XCConfigurationList;
			buildConfigurations = (
				39FE6E97282BD4500085E409 /* Debug */,
				39FE6E98282BD4500085E409 /* Release */,
			);
			defaultConfigurationIsVisible = 0;
			defaultConfigurationName = Release;
		};
/* End XCConfigurationList section */

/* Begin XCRemoteSwiftPackageReference section */
		39FE6E9B282BD8F30085E409 /* XCRemoteSwiftPackageReference "firebase-ios-sdk" */ = {
			isa = XCRemoteSwiftPackageReference;
			repositoryURL = "https://github.com/firebase/firebase-ios-sdk";
			requirement = {
				kind = upToNextMajorVersion;
				minimumVersion = 9.0.0;
			};
		};
/* End XCRemoteSwiftPackageReference section */

/* Begin XCSwiftPackageProductDependency section */
		39FE6E9C282BD8F30085E409 /* FirebaseFirestore */ = {
			isa = XCSwiftPackageProductDependency;
			package = 39FE6E9B282BD8F30085E409 /* XCRemoteSwiftPackageReference "firebase-ios-sdk" */;
			productName = FirebaseFirestore;
		};
		39FE6E9E282BD8F30085E409 /* FirebaseFirestoreCombine-Community */ = {
			isa = XCSwiftPackageProductDependency;
			package = 39FE6E9B282BD8F30085E409 /* XCRemoteSwiftPackageReference "firebase-ios-sdk" */;
			productName = "FirebaseFirestoreCombine-Community";
		};
		39FE6EA0282BD8F30085E409 /* FirebaseFirestoreSwift */ = {
			isa = XCSwiftPackageProductDependency;
			package = 39FE6E9B282BD8F30085E409 /* XCRemoteSwiftPackageReference "firebase-ios-sdk" */;
			productName = FirebaseFirestoreSwift;
		};
/* End XCSwiftPackageProductDependency section */
	};
	rootObject = 39FE6E80282BD44F0085E409 /* Project object */;
}
